
Microsoft Visual Studio Solution File, Format Version 12.00
# Visual Studio Version 16
VisualStudioVersion = 16.0.30717.126
MinimumVisualStudioVersion = 10.0.40219.1
Project("{FAE04EC0-301F-11D3-BF4B-00C04F79EFBC}") = "DiplomProject", "DiplomProject\DiplomProject.csproj", "{06A1B032-20B3-4022-A42A-61EC7F24A9D1}"
EndProject
Global
	GlobalSection(SolutionConfigurationPlatforms) = preSolution
		Debug|Any CPU = Debug|Any CPU
		Release|Any CPU = Release|Any CPU
	EndGlobalSection
	GlobalSection(ProjectConfigurationPlatforms) = postSolution
		{06A1B032-20B3-4022-A42A-61EC7F24A9D1}.Debug|Any CPU.ActiveCfg = Debug|Any CPU
		{06A1B032-20B3-4022-A42A-61EC7F24A9D1}.Debug|Any CPU.Build.0 = Debug|Any CPU
		{06A1B032-20B3-4022-A42A-61EC7F24A9D1}.Release|Any CPU.ActiveCfg = Release|Any CPU
		{06A1B032-20B3-4022-A42A-61EC7F24A9D1}.Release|Any CPU.Build.0 = Release|Any CPU
	EndGlobalSection
	GlobalSection(SolutionProperties) = preSolution
		HideSolutionNode = FALSE
	EndGlobalSection
	GlobalSection(ExtensibilityGlobals) = postSolution
		SolutionGuid = {72C60C30-D04D-4BFD-B69A-661A7B44E1B6}
	EndGlobalSection
EndGlobal
